{
  "name": "currency-coverter-by-ganesh",
  "version": "1.0.0",
  "lockfileVersion": 3,
  "requires": true,
  "packages": {
    "": {
      "name": "currency-coverter-g",
      "version": "1.0.0",
      "license": "ISC",
      "dependencies": {
        "@everapi/freecurrencyapi-js": "^1.0.1",
        "currency-coverter-g": "^1.0.1"
      },
      "devDependencies": {}
    },
    "node_modules/@everapi/freecurrencyapi-js": {
      "version": "1.0.1",
      "resolved": "https://registry.npmjs.org/@everapi/freecurrencyapi-js/-/freecurrencyapi-js-1.0.1.tgz",
      "integrity": "sha512-GusI6Fdu4gEZhEyOOZKf9KOnSp3Atb3zLUQIp0X569LphBEv0IrZF2CALmbTmut4DacqqlP2zOpeS96bkAt2yQ=="
    },
    "node_modules/currency-coverter-g": {
      "version": "1.0.1",
      "resolved": "https://registry.npmjs.org/currency-coverter-g/-/currency-coverter-g-1.0.1.tgz",
      "integrity": "sha512-ezcVlfYWqYumyfjo+H9KhqPwWu7DWoCoklnHcmWiczMQlIAVa5Ce07a+3wC82IAHactzdqOyHOm1TWMSoEunuQ==",
      "dependencies": {
        "@everapi/freecurrencyapi-js": "^1.0.1"
      }
    }
  }
}
